# Generated by pub
# See https://dart.dev/tools/pub/glossary#lockfile
packages:
  _flutterfire_internals:
    dependency: transitive
    description:
      name: _flutterfire_internals
      sha256: "948f7d74f41dd6f2d563ea9f4c21d7ea764f8e047d2b24138974c19c24d37eb6"
      url: "https://pub.dev"
    source: hosted
    version: "1.3.61"
  async:
    dependency: transitive
    description:
      name: async
      sha256: "758e6d74e971c3e5aceb4110bfd6698efc7f501675bcfe0c775459a8140750eb"
      url: "https://pub.dev"
    source: hosted
    version: "2.13.0"
  boolean_selector:
    dependency: transitive
    description:
      name: boolean_selector
      sha256: "8aab1771e1243a5063b8b0ff68042d67334e3feab9e95b9490f9a6ebf73b42ea"
      url: "https://pub.dev"
    source: hosted
    version: "2.1.2"
  characters:
    dependency: transitive
    description:
      name: characters
      sha256: f71061c654a3380576a52b451dd5532377954cf9dbd272a78fc8479606670803
      url: "https://pub.dev"
    source: hosted
    version: "1.4.0"
  clock:
    dependency: transitive
    description:
      name: clock
      sha256: fddb70d9b5277016c77a80201021d40a2247104d9f4aa7bab7157b7e3f05b84b
      url: "https://pub.dev"
    source: hosted
    version: "1.1.2"
  cloud_firestore:
    dependency: "direct main"
    description:
      name: cloud_firestore
      sha256: "2dd78895bf0b18259d195113e5d9577ff3e5e54206887ff6e1423b22c2895e6c"
      url: "https://pub.dev"
    source: hosted
    version: "6.0.1"
  cloud_firestore_platform_interface:
    dependency: transitive
    description:
      name: cloud_firestore_platform_interface
      sha256: "40352e39877338faf428155e0ff0ba8b531e13e0bc71a86b35acb56cbd6c07a1"
      url: "https://pub.dev"
    source: hosted
    version: "7.0.1"
  cloud_firestore_web:
    dependency: transitive
    description:
      name: cloud_firestore_web
      sha256: "4f96eb9e9ff63c2139e52ee2c13a36ddbf16bdbe17a435b56cc50fa2522ad101"
      url: "https://pub.dev"
    source: hosted
    version: "5.0.1"
  collection:
    dependency: transitive
    description:
      name: collection
      sha256: "2f5709ae4d3d59dd8f7cd309b4e023046b57d8a6c82130785d2b0e5868084e76"
      url: "https://pub.dev"
    source: hosted
    version: "1.19.1"
  crypto:
    dependency: transitive
    description:
      name: crypto
      sha256: "1e445881f28f22d6140f181e07737b22f1e099a5e1ff94b0af2f9e4a463f4855"
      url: "https://pub.dev"
    source: hosted
    version: "3.0.6"
  cupertino_icons:
    dependency: "direct main"
    description:
      name: cupertino_icons
      sha256: ba631d1c7f7bef6b729a622b7b752645a2d076dba9976925b8f25725a30e1ee6
      url: "https://pub.dev"
    source: hosted
    version: "1.0.8"
  fake_async:
    dependency: transitive
    description:
      name: fake_async
      sha256: "5368f224a74523e8d2e7399ea1638b37aecfca824a3cc4dfdf77bf1fa905ac44"
      url: "https://pub.dev"
    source: hosted
    version: "1.3.3"
  ffi:
    dependency: transitive
    description:
      name: ffi
      sha256: "289279317b4b16eb2bb7e271abccd4bf84ec9bdcbe999e278a94b804f5630418"
      url: "https://pub.dev"
    source: hosted
    version: "2.1.4"
  firebase_auth:
    dependency: "direct main"
    description:
      name: firebase_auth
      sha256: b843f8b6897654899bfc437e385f710f79fdf1fe872ce629cbdf6017772d5803
      url: "https://pub.dev"
    source: hosted
    version: "6.0.2"
  firebase_auth_platform_interface:
    dependency: transitive
    description:
      name: firebase_auth_platform_interface
      sha256: c7acba5e95dc8095149c4534e968d61099896f1a09421d46d7c3fc3069082a37
      url: "https://pub.dev"
    source: hosted
    version: "8.1.1"
  firebase_auth_web:
    dependency: transitive
    description:
      name: firebase_auth_web
      sha256: "083c57b761b33f766824d7835c2b47abacbc4d82c7193e91442d77b983675b28"
      url: "https://pub.dev"
    source: hosted
    version: "6.0.2"
  firebase_core:
    dependency: "direct main"
    description:
      name: firebase_core
      sha256: "967dae9a65f69377beb9f4ab292ea63ce5befa1ce24682cab1b69ca4b7a46927"
      url: "https://pub.dev"
    source: hosted
    version: "4.1.0"
  firebase_core_platform_interface:
    dependency: transitive
    description:
      name: firebase_core_platform_interface
      sha256: "5dbc900677dcbe5873d22ad7fbd64b047750124f1f9b7ebe2a33b9ddccc838eb"
      url: "https://pub.dev"
    source: hosted
    version: "6.0.0"
  firebase_core_web:
    dependency: transitive
    description:
      name: firebase_core_web
      sha256: f7ee08febc1c4451588ce58ffcf28edaee857e9a196fee88b85deb889990094a
      url: "https://pub.dev"
    source: hosted
    version: "3.1.0"
  flutter:
    dependency: "direct main"
    description: flutter
    source: sdk
    version: "0.0.0"
  flutter_lints:
    dependency: "direct dev"
    description:
      name: flutter_lints
      sha256: "5398f14efa795ffb7a33e9b6a08798b26a180edac4ad7db3f231e40f82ce11e1"
      url: "https://pub.dev"
    source: hosted
    version: "5.0.0"
  flutter_plugin_android_lifecycle:
    dependency: transitive
    description:
      name: flutter_plugin_android_lifecycle
      sha256: b0694b7fb1689b0e6cc193b3f1fcac6423c4f93c74fb20b806c6b6f196db0c31
      url: "https://pub.dev"
    source: hosted
    version: "2.0.30"
  flutter_test:
    dependency: "direct dev"
    description: flutter
    source: sdk
    version: "0.0.0"
  flutter_web_plugins:
    dependency: transitive
    description: flutter
    source: sdk
    version: "0.0.0"
  google_fonts:
    dependency: "direct main"
    description:
      name: google_fonts
      sha256: ebc94ed30fd13cefd397cb1658b593f21571f014b7d1197eeb41fb95f05d899a
      url: "https://pub.dev"
    source: hosted
    version: "6.1.1"
  image_picker:
    dependency: "direct main"
    description:
      name: image_picker
      sha256: "d4d9ff93c3e6c5ebd5c86b8a37ab95c72d195aabe91f50f11c78fce22c7c3f39"
      url: "https://pub.dev"
    source: hosted
    version: "0.9.7+5"
  intl:
    dependency: transitive
    description:
      name: intl
      sha256: "f3dfc28216a8f3d042dcd7d5cf10d6c11d73f739e3034b71c9e3a4b7f32c1e28"
      url: "https://pub.dev"
    source: hosted
    version: "0.18.1"
  matcher:
    dependency: transitive
    description:
      name: matcher
      sha256: "b27e7b84f5f3ce632c16ab16e7f67f1cd330d153c1c0b7d9a56bdf7d3b9093a1"
      url: "https://pub.dev"
    source: hosted
    version: "0.13.3"
sdks:
  dart: ">=3.9.0 <4.0.0"
  flutter: ">=3.35.0"

